// !$*UTF8*$!
{
	archiveVersion = 1;
	classes = {
	};
	objectVersion = 50;
	objects = {

/* Begin PBXBuildFile section */
		62BACE5B4B71151B94E0BEE7 /* Pods_Terremotos.framework in Frameworks */ = {isa = PBXBuildFile; fileRef = 6D095FA80E0D0623A939D6E7 /* Pods_Terremotos.framework */; };
		C2B1DFEC23D24D12004C3D7C /* AppDelegate.swift in Sources */ = {isa = PBXBuildFile; fileRef = C2B1DFEB23D24D12004C3D7C /* AppDelegate.swift */; };
		C2B1DFEE23D24D12004C3D7C /* SceneDelegate.swift in Sources */ = {isa = PBXBuildFile; fileRef = C2B1DFED23D24D12004C3D7C /* SceneDelegate.swift */; };
		C2B1DFF023D24D12004C3D7C /* ViewController.swift in Sources */ = {isa = PBXBuildFile; fileRef = C2B1DFEF23D24D12004C3D7C /* ViewController.swift */; };
		C2B1DFF323D24D12004C3D7C /* Main.storyboard in Resources */ = {isa = PBXBuildFile; fileRef = C2B1DFF123D24D12004C3D7C /* Main.storyboard */; };
		C2B1DFF523D24D14004C3D7C /* Assets.xcassets in Resources */ = {isa = PBXBuildFile; fileRef = C2B1DFF423D24D14004C3D7C /* Assets.xcassets */; };
		C2B1DFF823D24D14004C3D7C /* LaunchScreen.storyboard in Resources */ = {isa = PBXBuildFile; fileRef = C2B1DFF623D24D14004C3D7C /* LaunchScreen.storyboard */; };
/* End PBXBuildFile section */

/* Begin PBXFileReference section */
		46827292DF071A28C1023E57 /* Pods-Terremotos.release.xcconfig */ = {isa = PBXFileReference; includeInIndex = 1; lastKnownFileType = text.xcconfig; name = "Pods-Terremotos.release.xcconfig"; path = "Target Support Files/Pods-Terremotos/Pods-Terremotos.release.xcconfig"; sourceTree = "<group>"; };
		6D095FA80E0D0623A939D6E7 /* Pods_Terremotos.framework */ = {isa = PBXFileReference; explicitFileType = wrapper.framework; includeInIndex = 0; path = Pods_Terremotos.framework; sourceTree = BUILT_PRODUCTS_DIR; };
		C2B1DFE823D24D12004C3D7C /* Terremotos.app */ = {isa = PBXFileReference; explicitFileType = wrapper.application; includeInIndex = 0; path = Terremotos.app; sourceTree = BUILT_PRODUCTS_DIR; };
		C2B1DFEB23D24D12004C3D7C /* AppDelegate.swift */ = {isa = PBXFileReference; lastKnownFileType = sourcecode.swift; path = AppDelegate.swift; sourceTree = "<group>"; };
		C2B1DFED23D24D12004C3D7C /* SceneDelegate.swift */ = {isa = PBXFileReference; lastKnownFileType = sourcecode.swift; path = SceneDelegate.swift; sourceTree = "<group>"; };
		C2B1DFEF23D24D12004C3D7C /* ViewController.swift */ = {isa = PBXFileReference; lastKnownFileType = sourcecode.swift; path = ViewController.swift; sourceTree = "<group>"; };
		C2B1DFF223D24D12004C3D7C /* Base */ = {isa = PBXFileReference; lastKnownFileType = file.storyboard; name = Base; path = Base.lproj/Main.storyboard; sourceTree = "<group>"; };
		C2B1DFF423D24D14004C3D7C /* Assets.xcassets */ = {isa = PBXFileReference; lastKnownFileType = folder.assetcatalog; path = Assets.xcassets; sourceTree = "<group>"; };
		C2B1DFF723D24D14004C3D7C /* Base */ = {isa = PBXFileReference; lastKnownFileType = file.storyboard; name = Base; path = Base.lproj/LaunchScreen.storyboard; sourceTree = "<group>"; };
		C2B1DFF923D24D14004C3D7C /* Info.plist */ = {isa = PBXFileReference; lastKnownFileType = text.plist.xml; path = Info.plist; sourceTree = "<group>"; };
		C6597DDAE41B2947577493D3 /* Pods-Terremotos.debug.xcconfig */ = {isa = PBXFileReference; includeInIndex = 1; lastKnownFileType = text.xcconfig; name = "Pods-Terremotos.debug.xcconfig"; path = "Target Support Files/Pods-Terremotos/Pods-Terremotos.debug.xcconfig"; sourceTree = "<group>"; };
/* End PBXFileReference section */

/* Begin PBXFrameworksBuildPhase section */
		C2B1DFE523D24D12004C3D7C /* Frameworks */ = {
			isa = PBXFrameworksBuildPhase;
			buildActionMask = 2147483647;
			files = (
				62BACE5B4B71151B94E0BEE7 /* Pods_Terremotos.framework in Frameworks */,
			);
			runOnlyForDeploymentPostprocessing = 0;
		};
/* End PBXFrameworksBuildPhase section */

/* Begin PBXGroup section */
		51989A7A913C570AC22BFF99 /* Frameworks */ = {
			isa = PBXGroup;
			children = (
				6D095FA80E0D0623A939D6E7 /* Pods_Terremotos.framework */,
			);
			name = Frameworks;
			sourceTree = "<group>";
		};
		C2B1DFDF23D24D12004C3D7C = {
			isa = PBXGroup;
			children = (
				C2B1DFEA23D24D12004C3D7C /* Terremotos */,
				C2B1DFE923D24D12004C3D7C /* Products */,
				FF09712802BA2F1CDAFCEA60 /* Pods */,
				51989A7A913C570AC22BFF99 /* Frameworks */,
			);
			sourceTree = "<group>";
		};
		C2B1DFE923D24D12004C3D7C /* Products */ = {
			isa = PBXGroup;
			children = (
				C2B1DFE823D24D12004C3D7C /* Terremotos.app */,
			);
			name = Products;
			sourceTree = "<group>";
		};
		C2B1DFEA23D24D12004C3D7C /* Terremotos */ = {
			isa = PBXGroup;
			children = (
				C2B1DFEB23D24D12004C3D7C /* AppDelegate.swift */,
				C2B1DFED23D24D12004C3D7C /* SceneDelegate.swift */,
				C2B1DFEF23D24D12004C3D7C /* ViewController.swift */,
				C2B1DFF123D24D12004C3D7C /* Main.storyboard */,
				C2B1DFF423D24D14004C3D7C /* Assets.xcassets */,
				C2B1DFF623D24D14004C3D7C /* LaunchScreen.storyboard */,
				C2B1DFF923D24D14004C3D7C /* Info.plist */,
			);
			path = Terremotos;
			sourceTree = "<group>";
		};
		FF09712802BA2F1CDAFCEA60 /* Pods */ = {
			isa = PBXGroup;
			children = (
				C6597DDAE41B2947577493D3 /* Pods-Terremotos.debug.xcconfig */,
				46827292DF071A28C1023E57 /* Pods-Terremotos.release.xcconfig */,
			);
			name = Pods;
			path = Pods;
			sourceTree = "<group>";
		};
/* End PBXGroup section */

/* Begin PBXNativeTarget section */
		C2B1DFE723D24D12004C3D7C /* Terremotos */ = {
			isa = PBXNativeTarget;
			buildConfigurationList = C2B1DFFC23D24D14004C3D7C /* Build configuration list for PBXNativeTarget "Terremotos" */;
			buildPhases = (
				C981FFC2760AA3C32FDA24E2 /* [CP] Check Pods Manifest.lock */,
				C2B1DFE423D24D12004C3D7C /* Sources */,
				C2B1DFE523D24D12004C3D7C /* Frameworks */,
				C2B1DFE623D24D12004C3D7C /* Resources */,
				641F297FB78EDB941F23F6EC /* [CP] Embed Pods Frameworks */,
			);
			buildRules = (
			);
			dependencies = (
			);
			name = Terremotos;
			productName = Terremotos;
			productReference = C2B1DFE823D24D12004C3D7C /* Terremotos.app */;
			productType = "com.apple.product-type.application";
		};
/* End PBXNativeTarget section */

/* Begin PBXProject section */
		C2B1DFE023D24D12004C3D7C /* Project object */ = {
			isa = PBXProject;
			attributes = {
				LastSwiftUpdateCheck = 1130;
				LastUpgradeCheck = 1130;
				ORGANIZATIONNAME = raul.garcia;
				TargetAttributes = {
					C2B1DFE723D24D12004C3D7C = {
						CreatedOnToolsVersion = 11.3;
					};
				};
			};
			buildConfigurationList = C2B1DFE323D24D12004C3D7C /* Build configuration list for PBXProject "Terremotos" */;
			compatibilityVersion = "Xcode 9.3";
			developmentRegion = en;
			hasScannedForEncodings = 0;
			knownRegions = (
				en,
				Base,
			);
			mainGroup = C2B1DFDF23D24D12004C3D7C;
			productRefGroup = C2B1DFE923D24D12004C3D7C /* Products */;
			projectDirPath = "";
			projectRoot = "";
			targets = (
				C2B1DFE723D24D12004C3D7C /* Terremotos */,
			);
		};
/* End PBXProject section */

/* Begin PBXResourcesBuildPhase section */
		C2B1DFE623D24D12004C3D7C /* Resources */ = {
			isa = PBXResourcesBuildPhase;
			buildActionMask = 2147483647;
			files = (
				C2B1DFF823D24D14004C3D7C /* LaunchScreen.storyboard in Resources */,
				C2B1DFF523D24D14004C3D7C /* Assets.xcassets in Resources */,
				C2B1DFF323D24D12004C3D7C /* Main.storyboard in Resources */,
			);
			runOnlyForDeploymentPostprocessing = 0;
		};
/* End PBXResourcesBuildPhase section */

/* Begin PBXShellScriptBuildPhase section */
		641F297FB78EDB941F23F6EC /* [CP] Embed Pods Frameworks */ = {
			isa = PBXShellScriptBuildPhase;
			buildActionMask = 2147483647;
			files = (
			);
			inputFileListPaths = (
				"${PODS_ROOT}/Target Support Files/Pods-Terremotos/Pods-Terremotos-frameworks-${CONFIGURATION}-input-files.xcfilelist",
			);
			name = "[CP] Embed Pods Frameworks";
			outputFileListPaths = (
				"${PODS_ROOT}/Target Support Files/Pods-Terremotos/Pods-Terremotos-frameworks-${CONFIGURATION}-output-files.xcfilelist",
			);
			runOnlyForDeploymentPostprocessing = 0;
			shellPath = /bin/sh;
			shellScript = "\"${PODS_ROOT}/Target Support Files/Pods-Terremotos/Pods-Terremotos-frameworks.sh\"\n";
			showEnvVarsInLog = 0;
		};
		C981FFC2760AA3C32FDA24E2 /* [CP] Check Pods Manifest.lock */ = {
			isa = PBXShellScriptBuildPhase;
			buildActionMask = 2147483647;
			files = (
			);
			inputFileListPaths = (
			);
			inputPaths = (
				"${PODS_PODFILE_DIR_PATH}/Podfile.lock",
				"${PODS_ROOT}/Manifest.lock",
			);
			name = "[CP] Check Pods Manifest.lock";
			outputFileListPaths = (
			);
			outputPaths = (
				"$(DERIVED_FILE_DIR)/Pods-Terremotos-checkManifestLockResult.txt",
			);
			runOnlyForDeploymentPostprocessing = 0;
			shellPath = /bin/sh;
			shellScript = "diff \"${PODS_PODFILE_DIR_PATH}/Podfile.lock\" \"${PODS_ROOT}/Manifest.lock\" > /dev/null\nif [ $? != 0 ] ; then\n    # print error to STDERR\n    echo \"error: The sandbox is not in sync with the Podfile.lock. Run 'pod install' or update your CocoaPods installation.\" >&2\n    exit 1\nfi\n# This output is used by Xcode 'outputs' to avoid re-running this script phase.\necho \"SUCCESS\" > \"${SCRIPT_OUTPUT_FILE_0}\"\n";
			showEnvVarsInLog = 0;
		};
/* End PBXShellScriptBuildPhase section */

/* Begin PBXSourcesBuildPhase section */
		C2B1DFE423D24D12004C3D7C /* Sources */ = {
			isa = PBXSourcesBuildPhase;
			buildActionMask = 2147483647;
			files = (
				C2B1DFF023D24D12004C3D7C /* ViewController.swift in Sources */,
				C2B1DFEC23D24D12004C3D7C /* AppDelegate.swift in Sources */,
				C2B1DFEE23D24D12004C3D7C /* SceneDelegate.swift in Sources */,
			);
			runOnlyForDeploymentPostprocessing = 0;
		};
/* End PBXSourcesBuildPhase section */

/* Begin PBXVariantGroup section */
		C2B1DFF123D24D12004C3D7C /* Main.storyboard */ = {
			isa = PBXVariantGroup;
			children = (
				C2B1DFF223D24D12004C3D7C /* Base */,
			);
			name = Main.storyboard;
			sourceTree = "<group>";
		};
		C2B1DFF623D24D14004C3D7C /* LaunchScreen.storyboard */ = {
			isa = PBXVariantGroup;
			children = (
				C2B1DFF723D24D14004C3D7C /* Base */,
			);
			name = LaunchScreen.storyboard;
			sourceTree = "<group>";
		};
/* End PBXVariantGroup section */

/* Begin XCBuildConfiguration section */
		C2B1DFFA23D24D14004C3D7C /* Debug */ = {
			isa = XCBuildConfiguration;
			buildSettings = {
				ALWAYS_SEARCH_USER_PATHS = NO;
				CLANG_ANALYZER_NONNULL = YES;
				CLANG_ANALYZER_NUMBER_OBJECT_CONVERSION = YES_AGGRESSIVE;
				CLANG_CXX_LANGUAGE_STANDARD = "gnu++14";
				CLANG_CXX_LIBRARY = "libc++";
				CLANG_ENABLE_MODULES = YES;
				CLANG_ENABLE_OBJC_ARC = YES;
				CLANG_ENABLE_OBJC_WEAK = YES;
				CLANG_WARN_BLOCK_CAPTURE_AUTORELEASING = YES;
				CLANG_WARN_BOOL_CONVERSION = YES;
				CLANG_WARN_COMMA = YES;
				CLANG_WARN_CONSTANT_CONVERSION = YES;
				CLANG_WARN_DEPRECATED_OBJC_IMPLEMENTATIONS = YES;
				CLANG_WARN_DIRECT_OBJC_ISA_USAGE = YES_ERROR;
				CLANG_WARN_DOCUMENTATION_COMMENTS = YES;
				CLANG_WARN_EMPTY_BODY = YES;
				CLANG_WARN_ENUM_CONVERSION = YES;
				CLANG_WARN_INFINITE_RECURSION = YES;
				CLANG_WARN_INT_CONVERSION = YES;
				CLANG_WARN_NON_LITERAL_NULL_CONVERSION = YES;
				CLANG_WARN_OBJC_IMPLICIT_RETAIN_SELF = YES;
				CLANG_WARN_OBJC_LITERAL_CONVERSION = YES;
				CLANG_WARN_OBJC_ROOT_CLASS = YES_ERROR;
				CLANG_WARN_RANGE_LOOP_ANALYSIS = YES;
				CLANG_WARN_STRICT_PROTOTYPES = YES;
				CLANG_WARN_SUSPICIOUS_MOVE = YES;
				CLANG_WARN_UNGUARDED_AVAILABILITY = YES_AGGRESSIVE;
				CLANG_WARN_UNREACHABLE_CODE = YES;
				CLANG_WARN__DUPLICATE_METHOD_MATCH = YES;
				COPY_PHASE_STRIP = NO;
				DEBUG_INFORMATION_FORMAT = dwarf;
				ENABLE_STRICT_OBJC_MSGSEND = YES;
				ENABLE_TESTABILITY = YES;
				GCC_C_LANGUAGE_STANDARD = gnu11;
				GCC_DYNAMIC_NO_PIC = NO;
				GCC_NO_COMMON_BLOCKS = YES;
				GCC_OPTIMIZATION_LEVEL = 0;
				GCC_PREPROCESSOR_DEFINITIONS = (
					"DEBUG=1",
					"$(inherited)",
				);
				GCC_WARN_64_TO_32_BIT_CONVERSION = YES;
				GCC_WARN_ABOUT_RETURN_TYPE = YES_ERROR;
				GCC_WARN_UNDECLARED_SELECTOR = YES;
				GCC_WARN_UNINITIALIZED_AUTOS = YES_AGGRESSIVE;
				GCC_WARN_UNUSED_FUNCTION = YES;
				GCC_WARN_UNUSED_VARIABLE = YES;
				IPHONEOS_DEPLOYMENT_TARGET = 13.2;
				MTL_ENABLE_DEBUG_INFO = INCLUDE_SOURCE;
				MTL_FAST_MATH = YES;
				ONLY_ACTIVE_ARCH = YES;
				SDKROOT = iphoneos;
				SWIFT_ACTIVE_COMPILATION_CONDITIONS = DEBUG;
				SWIFT_OPTIMIZATION_LEVEL = "-Onone";
			};
			name = Debug;
		};
		C2B1DFFB23D24D14004C3D7C /* Release */ = {
			isa = XCBuildConfiguration;
			buildSettings = {
				ALWAYS_SEARCH_USER_PATHS = NO;
				CLANG_ANALYZER_NONNULL = YES;
				CLANG_ANALYZER_NUMBER_OBJECT_CONVERSION = YES_AGGRESSIVE;
				CLANG_CXX_LANGUAGE_STANDARD = "gnu++14";
				CLANG_CXX_LIBRARY = "libc++";
				CLANG_ENABLE_MODULES = YES;
				CLANG_ENABLE_OBJC_ARC = YES;
				CLANG_ENABLE_OBJC_WEAK = YES;
				CLANG_WARN_BLOCK_CAPTURE_AUTORELEASING = YES;
				CLANG_WARN_BOOL_CONVERSION = YES;
				CLANG_WARN_COMMA = YES;
				CLANG_WARN_CONSTANT_CONVERSION = YES;
				CLANG_WARN_DEPRECATED_OBJC_IMPLEMENTATIONS = YES;
				CLANG_WARN_DIRECT_OBJC_ISA_USAGE = YES_ERROR;
				CLANG_WARN_DOCUMENTATION_COMMENTS = YES;
				CLANG_WARN_EMPTY_BODY = YES;
				CLANG_WARN_ENUM_CONVERSION = YES;
				CLANG_WARN_INFINITE_RECURSION = YES;
				CLANG_WARN_INT_CONVERSION = YES;
				CLANG_WARN_NON_LITERAL_NULL_CONVERSION = YES;
				CLANG_WARN_OBJC_IMPLICIT_RETAIN_SELF = YES;
				CLANG_WARN_OBJC_LITERAL_CONVERSION = YES;
				CLANG_WARN_OBJC_ROOT_CLASS = YES_ERROR;
				CLANG_WARN_RANGE_LOOP_ANALYSIS = YES;
				CLANG_WARN_STRICT_PROTOTYPES = YES;
				CLANG_WARN_SUSPICIOUS_MOVE = YES;
				CLANG_WARN_UNGUARDED_AVAILABILITY = YES_AGGRESSIVE;
				CLANG_WARN_UNREACHABLE_CODE = YES;
				CLANG_WARN__DUPLICATE_METHOD_MATCH = YES;
				COPY_PHASE_STRIP = NO;
				DEBUG_INFORMATION_FORMAT = "dwarf-with-dsym";
				ENABLE_NS_ASSERTIONS = NO;
				ENABLE_STRICT_OBJC_MSGSEND = YES;
				GCC_C_LANGUAGE_STANDARD = gnu11;
				GCC_NO_COMMON_BLOCKS = YES;
				GCC_WARN_64_TO_32_BIT_CONVERSION = YES;
				GCC_WARN_ABOUT_RETURN_TYPE = YES_ERROR;
				GCC_WARN_UNDECLARED_SELECTOR = YES;
				GCC_WARN_UNINITIALIZED_AUTOS = YES_AGGRESSIVE;
				GCC_WARN_UNUSED_FUNCTION = YES;
				GCC_WARN_UNUSED_VARIABLE = YES;
				IPHONEOS_DEPLOYMENT_TARGET = 13.2;
				MTL_ENABLE_DEBUG_INFO = NO;
				MTL_FAST_MATH = YES;
				SDKROOT = iphoneos;
				SWIFT_COMPILATION_MODE = wholemodule;
				SWIFT_OPTIMIZATION_LEVEL = "-O";
				VALIDATE_PRODUCT = YES;
			};
			name = Release;
		};
		C2B1DFFD23D24D14004C3D7C /* Debug */ = {
			isa = XCBuildConfiguration;
			baseConfigurationReference = C6597DDAE41B2947577493D3 /* Pods-Terremotos.debug.xcconfig */;
			buildSettings = {
				ASSETCATALOG_COMPILER_APPICON_NAME = AppIcon;
				CODE_SIGN_STYLE = Automatic;
				INFOPLIST_FILE = Terremotos/Info.plist;
				LD_RUNPATH_SEARCH_PATHS = (
					"$(inherited)",
					"@executable_path/Frameworks",
				);
				PRODUCT_BUNDLE_IDENTIFIER = com.garcia.Terremotos;
				PRODUCT_NAME = "$(TARGET_NAME)";
				SWIFT_VERSION = 5.0;
				TARGETED_DEVICE_FAMILY = "1,2";
			};
			name = Debug;
		};
		C2B1DFFE23D24D14004C3D7C /* Release */ = {
			isa = XCBuildConfiguration;
			baseConfigurationReference = 46827292DF071A28C1023E57 /* Pods-Terremotos.release.xcconfig */;
			buildSettings = {
				ASSETCATALOG_COMPILER_APPICON_NAME = AppIcon;
				CODE_SIGN_STYLE = Automatic;
				INFOPLIST_FILE = Terremotos/Info.plist;
				LD_RUNPATH_SEARCH_PATHS = (
					"$(inherited)",
					"@executable_path/Frameworks",
				);
				PRODUCT_BUNDLE_IDENTIFIER = com.garcia.Terremotos;
				PRODUCT_NAME = "$(TARGET_NAME)";
				SWIFT_VERSION = 5.0;
				TARGETED_DEVICE_FAMILY = "1,2";
			};
			name = Release;
		};
/* End XCBuildConfiguration section */

/* Begin XCConfigurationList section */
		C2B1DFE323D24D12004C3D7C /* Build configuration list for PBXProject "Terremotos" */ = {
			isa = XCConfigurationList;
			buildConfigurations = (
				C2B1DFFA23D24D14004C3D7C /* Debug */,
				C2B1DFFB23D24D14004C3D7C /* Release */,
			);
			defaultConfigurationIsVisible = 0;
			defaultConfigurationName = Release;
		};
		C2B1DFFC23D24D14004C3D7C /* Build configuration list for PBXNativeTarget "Terremotos" */ = {
			isa = XCConfigurationList;
			buildConfigurations = (
				C2B1DFFD23D24D14004C3D7C /* Debug */,
				C2B1DFFE23D24D14004C3D7C /* Release */,
			);
			defaultConfigurationIsVisible = 0;
			defaultConfigurationName = Release;
		};
/* End XCConfigurationList section */
	};
	rootObject = C2B1DFE023D24D12004C3D7C /* Project object */;
}
